{
  "name": "imd-schemas",
  "version": "0.1.0",
  "lockfileVersion": 3,
  "requires": true,
  "packages": {
    "": {
      "name": "imd-schemas",
      "version": "0.1.0",
      "license": "MIT",
      "bin": { "imd-validate": "bin/imd-validate.cjs" },
      "engines": { "node": ">=20" }
    }
  }
}
